
Microsoft Visual Studio Solution File, Format Version 11.00
# Visual Studio 2010
Project("{FAE04EC0-301F-11D3-BF4B-00C04F79EFBC}") = "Autoradio", "Autoradio\Autoradio.csproj", "{DF43AAF3-7929-44CC-842F-8F4B4671AE57}"
EndProject
Global
	GlobalSection(SolutionConfigurationPlatforms) = preSolution
		Debug|Any CPU = Debug|Any CPU
		Release|Any CPU = Release|Any CPU
	EndGlobalSection
	GlobalSection(ProjectConfigurationPlatforms) = postSolution
		{DF43AAF3-7929-44CC-842F-8F4B4671AE57}.Debug|Any CPU.ActiveCfg = Debug|Any CPU
		{DF43AAF3-7929-44CC-842F-8F4B4671AE57}.Debug|Any CPU.Build.0 = Debug|Any CPU
		{DF43AAF3-7929-44CC-842F-8F4B4671AE57}.Release|Any CPU.ActiveCfg = Release|Any CPU
		{DF43AAF3-7929-44CC-842F-8F4B4671AE57}.Release|Any CPU.Build.0 = Release|Any CPU
	EndGlobalSection
	GlobalSection(SolutionProperties) = preSolution
		HideSolutionNode = FALSE
	EndGlobalSection
EndGlobal
